
Microsoft Visual Studio Solution File, Format Version 12.00
# Visual Studio Version 17
VisualStudioVersion = 17.7.34221.43
MinimumVisualStudioVersion = 10.0.40219.1
Project("{FAE04EC0-301F-11D3-BF4B-00C04F79EFBC}") = "FileTreeView", "FileTreeView\FileTreeView.csproj", "{1F35200C-5CF3-421B-B813-BF587B68BCFC}"
EndProject
Project("{FAE04EC0-301F-11D3-BF4B-00C04F79EFBC}") = "FileTreeViewWPF", "FileTreeViewWPF\FileTreeViewWPF.csproj", "{2223FA33-95F5-4AC6-8E0F-8CA5D2C2DF8C}"
EndProject
Global
	GlobalSection(SolutionConfigurationPlatforms) = preSolution
		Debug|Any CPU = Debug|Any CPU
		Release|Any CPU = Release|Any CPU
	EndGlobalSection
	GlobalSection(ProjectConfigurationPlatforms) = postSolution
		{1F35200C-5CF3-421B-B813-BF587B68BCFC}.Debug|Any CPU.ActiveCfg = Debug|Any CPU
		{1F35200C-5CF3-421B-B813-BF587B68BCFC}.Debug|Any CPU.Build.0 = Debug|Any CPU
		{1F35200C-5CF3-421B-B813-BF587B68BCFC}.Release|Any CPU.ActiveCfg = Release|Any CPU
		{1F35200C-5CF3-421B-B813-BF587B68BCFC}.Release|Any CPU.Build.0 = Release|Any CPU
		{2223FA33-95F5-4AC6-8E0F-8CA5D2C2DF8C}.Debug|Any CPU.ActiveCfg = Debug|Any CPU
		{2223FA33-95F5-4AC6-8E0F-8CA5D2C2DF8C}.Debug|Any CPU.Build.0 = Debug|Any CPU
		{2223FA33-95F5-4AC6-8E0F-8CA5D2C2DF8C}.Release|Any CPU.ActiveCfg = Release|Any CPU
		{2223FA33-95F5-4AC6-8E0F-8CA5D2C2DF8C}.Release|Any CPU.Build.0 = Release|Any CPU
	EndGlobalSection
	GlobalSection(SolutionProperties) = preSolution
		HideSolutionNode = FALSE
	EndGlobalSection
	GlobalSection(ExtensibilityGlobals) = postSolution
		SolutionGuid = {7B5EEA59-9080-4C8E-8D03-49299EDEE3FB}
	EndGlobalSection
EndGlobal
